
Microsoft Visual Studio Solution File, Format Version 12.00
# Visual Studio Version 17
VisualStudioVersion = 17.10.35004.147
MinimumVisualStudioVersion = 10.0.40219.1
Project("{FAE04EC0-301F-11D3-BF4B-00C04F79EFBC}") = "IGCSE", "IGCSE.csproj", "{6E40FDCA-E6F8-4C18-8742-255DF6D3D2BE}"
EndProject
Global
	GlobalSection(SolutionConfigurationPlatforms) = preSolution
		Debug|Any CPU = Debug|Any CPU
		Release|Any CPU = Release|Any CPU
	EndGlobalSection
	GlobalSection(ProjectConfigurationPlatforms) = postSolution
		{6E40FDCA-E6F8-4C18-8742-255DF6D3D2BE}.Debug|Any CPU.ActiveCfg = Debug|Any CPU
		{6E40FDCA-E6F8-4C18-8742-255DF6D3D2BE}.Debug|Any CPU.Build.0 = Debug|Any CPU
		{6E40FDCA-E6F8-4C18-8742-255DF6D3D2BE}.Release|Any CPU.ActiveCfg = Release|Any CPU
		{6E40FDCA-E6F8-4C18-8742-255DF6D3D2BE}.Release|Any CPU.Build.0 = Release|Any CPU
	EndGlobalSection
	GlobalSection(SolutionProperties) = preSolution
		HideSolutionNode = FALSE
	EndGlobalSection
	GlobalSection(ExtensibilityGlobals) = postSolution
		SolutionGuid = {C2936679-9FAC-4169-8F6C-4828ACA590E3}
	EndGlobalSection
EndGlobal
